
Microsoft Visual Studio Solution File, Format Version 12.00
# Visual Studio Version 17
VisualStudioVersion = 17.14.36518.9
MinimumVisualStudioVersion = 10.0.40219.1
Project("{FAE04EC0-301F-11D3-BF4B-00C04F79EFBC}") = "TechStore.DAL", "TechStore.DAL\TechStore.DAL.csproj", "{26C2462D-7740-4915-AF88-82605F64F1C5}"
EndProject
Project("{FAE04EC0-301F-11D3-BF4B-00C04F79EFBC}") = "TechStore.DTO", "TechStore.DTO\TechStore.DTO.csproj", "{A4F5A764-D551-40F8-8F1C-71761E3394C7}"
EndProject
Project("{FAE04EC0-301F-11D3-BF4B-00C04F79EFBC}") = "TechStore.DALEF", "TechStore.DALEF\TechStore.DALEF.csproj", "{A64CF5CB-D914-47D4-813F-EC63C3F6E9F3}"
EndProject
Project("{FAE04EC0-301F-11D3-BF4B-00C04F79EFBC}") = "TechStore", "TechStore\TechStore.csproj", "{5A7D8FD3-493D-4831-9437-74D2E0995021}"
EndProject
Project("{FAE04EC0-301F-11D3-BF4B-00C04F79EFBC}") = "TechStoreTest", "TechStoreTest\TechStoreTest.csproj", "{64DD7B9F-3CFB-4720-8027-5A039B64EF8B}"
EndProject
Project("{FAE04EC0-301F-11D3-BF4B-00C04F79EFBC}") = "TechStore.BLL", "TechStore.BLL\TechStore.BLL.csproj", "{357BF49D-0AEC-4371-A271-C17DDCB32AAF}"
EndProject
Project("{FAE04EC0-301F-11D3-BF4B-00C04F79EFBC}") = "TechStore.WPF", "TechStore.WPF\TechStore.WPF.csproj", "{6A74FDA3-9550-4490-81FF-677327650552}"
EndProject
Project("{FAE04EC0-301F-11D3-BF4B-00C04F79EFBC}") = "TechStore.BLL.Tests", "TechStore.BLL.Tests\TechStore.BLL.Tests.csproj", "{82E5FE81-6B09-4278-BCA2-A06CE60184D9}"
EndProject
Project("{FAE04EC0-301F-11D3-BF4B-00C04F79EFBC}") = "TechStore.MVC", "TechStore.MVC\TechStore.MVC.csproj", "{F327BE1F-DBE9-4DD5-B535-04C0BC7892F3}"
EndProject
Project("{FAE04EC0-301F-11D3-BF4B-00C04F79EFBC}") = "TechStore.MVC.Tests", "TechStore.MVC.Tests\TechStore.MVC.Tests.csproj", "{77E013A4-E17A-4257-B802-B2FC4D85AEF5}"
EndProject
Global
	GlobalSection(SolutionConfigurationPlatforms) = preSolution
		Debug|Any CPU = Debug|Any CPU
		Debug|x64 = Debug|x64
		Debug|x86 = Debug|x86
		Release|Any CPU = Release|Any CPU
		Release|x64 = Release|x64
		Release|x86 = Release|x86
	EndGlobalSection
	GlobalSection(ProjectConfigurationPlatforms) = postSolution
		{26C2462D-7740-4915-AF88-82605F64F1C5}.Debug|Any CPU.ActiveCfg = Debug|Any CPU
		{26C2462D-7740-4915-AF88-82605F64F1C5}.Debug|Any CPU.Build.0 = Debug|Any CPU
		{26C2462D-7740-4915-AF88-82605F64F1C5}.Debug|x64.ActiveCfg = Debug|Any CPU
		{26C2462D-7740-4915-AF88-82605F64F1C5}.Debug|x64.Build.0 = Debug|Any CPU
		{26C2462D-7740-4915-AF88-82605F64F1C5}.Debug|x86.ActiveCfg = Debug|Any CPU
		{26C2462D-7740-4915-AF88-82605F64F1C5}.Debug|x86.Build.0 = Debug|Any CPU
		{26C2462D-7740-4915-AF88-82605F64F1C5}.Release|Any CPU.ActiveCfg = Release|Any CPU
		{26C2462D-7740-4915-AF88-82605F64F1C5}.Release|Any CPU.Build.0 = Release|Any CPU
		{26C2462D-7740-4915-AF88-82605F64F1C5}.Release|x64.ActiveCfg = Release|Any CPU
		{26C2462D-7740-4915-AF88-82605F64F1C5}.Release|x64.Build.0 = Release|Any CPU
		{26C2462D-7740-4915-AF88-82605F64F1C5}.Release|x86.ActiveCfg = Release|Any CPU
		{26C2462D-7740-4915-AF88-82605F64F1C5}.Release|x86.Build.0 = Release|Any CPU
		{A4F5A764-D551-40F8-8F1C-71761E3394C7}.Debug|Any CPU.ActiveCfg = Debug|Any CPU
		{A4F5A764-D551-40F8-8F1C-71761E3394C7}.Debug|Any CPU.Build.0 = Debug|Any CPU
		{A4F5A764-D551-40F8-8F1C-71761E3394C7}.Debug|x64.ActiveCfg = Debug|Any CPU
		{A4F5A764-D551-40F8-8F1C-71761E3394C7}.Debug|x64.Build.0 = Debug|Any CPU
		{A4F5A764-D551-40F8-8F1C-71761E3394C7}.Debug|x86.ActiveCfg = Debug|Any CPU
		{A4F5A764-D551-40F8-8F1C-71761E3394C7}.Debug|x86.Build.0 = Debug|Any CPU
		{A4F5A764-D551-40F8-8F1C-71761E3394C7}.Release|Any CPU.ActiveCfg = Release|Any CPU
		{A4F5A764-D551-40F8-8F1C-71761E3394C7}.Release|Any CPU.Build.0 = Release|Any CPU
		{A4F5A764-D551-40F8-8F1C-71761E3394C7}.Release|x64.ActiveCfg = Release|Any CPU
		{A4F5A764-D551-40F8-8F1C-71761E3394C7}.Release|x64.Build.0 = Release|Any CPU
		{A4F5A764-D551-40F8-8F1C-71761E3394C7}.Release|x86.ActiveCfg = Release|Any CPU
		{A4F5A764-D551-40F8-8F1C-71761E3394C7}.Release|x86.Build.0 = Release|Any CPU
		{A64CF5CB-D914-47D4-813F-EC63C3F6E9F3}.Debug|Any CPU.ActiveCfg = Debug|Any CPU
		{A64CF5CB-D914-47D4-813F-EC63C3F6E9F3}.Debug|Any CPU.Build.0 = Debug|Any CPU
		{A64CF5CB-D914-47D4-813F-EC63C3F6E9F3}.Debug|x64.ActiveCfg = Debug|Any CPU
		{A64CF5CB-D914-47D4-813F-EC63C3F6E9F3}.Debug|x64.Build.0 = Debug|Any CPU
		{A64CF5CB-D914-47D4-813F-EC63C3F6E9F3}.Debug|x86.ActiveCfg = Debug|Any CPU
		{A64CF5CB-D914-47D4-813F-EC63C3F6E9F3}.Debug|x86.Build.0 = Debug|Any CPU
		{A64CF5CB-D914-47D4-813F-EC63C3F6E9F3}.Release|Any CPU.ActiveCfg = Release|Any CPU
		{A64CF5CB-D914-47D4-813F-EC63C3F6E9F3}.Release|Any CPU.Build.0 = Release|Any CPU
		{A64CF5CB-D914-47D4-813F-EC63C3F6E9F3}.Release|x64.ActiveCfg = Release|Any CPU
		{A64CF5CB-D914-47D4-813F-EC63C3F6E9F3}.Release|x64.Build.0 = Release|Any CPU
		{A64CF5CB-D914-47D4-813F-EC63C3F6E9F3}.Release|x86.ActiveCfg = Release|Any CPU
		{A64CF5CB-D914-47D4-813F-EC63C3F6E9F3}.Release|x86.Build.0 = Release|Any CPU
		{5A7D8FD3-493D-4831-9437-74D2E0995021}.Debug|Any CPU.ActiveCfg = Debug|Any CPU
		{5A7D8FD3-493D-4831-9437-74D2E0995021}.Debug|Any CPU.Build.0 = Debug|Any CPU
		{5A7D8FD3-493D-4831-9437-74D2E0995021}.Debug|x64.ActiveCfg = Debug|Any CPU
		{5A7D8FD3-493D-4831-9437-74D2E0995021}.Debug|x64.Build.0 = Debug|Any CPU
		{5A7D8FD3-493D-4831-9437-74D2E0995021}.Debug|x86.ActiveCfg = Debug|Any CPU
		{5A7D8FD3-493D-4831-9437-74D2E0995021}.Debug|x86.Build.0 = Debug|Any CPU
		{5A7D8FD3-493D-4831-9437-74D2E0995021}.Release|Any CPU.ActiveCfg = Release|Any CPU
		{5A7D8FD3-493D-4831-9437-74D2E0995021}.Release|Any CPU.Build.0 = Release|Any CPU
		{5A7D8FD3-493D-4831-9437-74D2E0995021}.Release|x64.ActiveCfg = Release|Any CPU
		{5A7D8FD3-493D-4831-9437-74D2E0995021}.Release|x64.Build.0 = Release|Any CPU
		{5A7D8FD3-493D-4831-9437-74D2E0995021}.Release|x86.ActiveCfg = Release|Any CPU
		{5A7D8FD3-493D-4831-9437-74D2E0995021}.Release|x86.Build.0 = Release|Any CPU
		{64DD7B9F-3CFB-4720-8027-5A039B64EF8B}.Debug|Any CPU.ActiveCfg = Debug|Any CPU
		{64DD7B9F-3CFB-4720-8027-5A039B64EF8B}.Debug|Any CPU.Build.0 = Debug|Any CPU
		{64DD7B9F-3CFB-4720-8027-5A039B64EF8B}.Debug|x64.ActiveCfg = Debug|Any CPU
		{64DD7B9F-3CFB-4720-8027-5A039B64EF8B}.Debug|x64.Build.0 = Debug|Any CPU
		{64DD7B9F-3CFB-4720-8027-5A039B64EF8B}.Debug|x86.ActiveCfg = Debug|Any CPU
		{64DD7B9F-3CFB-4720-8027-5A039B64EF8B}.Debug|x86.Build.0 = Debug|Any CPU
		{64DD7B9F-3CFB-4720-8027-5A039B64EF8B}.Release|Any CPU.ActiveCfg = Release|Any CPU
		{64DD7B9F-3CFB-4720-8027-5A039B64EF8B}.Release|Any CPU.Build.0 = Release|Any CPU
		{64DD7B9F-3CFB-4720-8027-5A039B64EF8B}.Release|x64.ActiveCfg = Release|Any CPU
		{64DD7B9F-3CFB-4720-8027-5A039B64EF8B}.Release|x64.Build.0 = Release|Any CPU
		{64DD7B9F-3CFB-4720-8027-5A039B64EF8B}.Release|x86.ActiveCfg = Release|Any CPU
		{64DD7B9F-3CFB-4720-8027-5A039B64EF8B}.Release|x86.Build.0 = Release|Any CPU
		{357BF49D-0AEC-4371-A271-C17DDCB32AAF}.Debug|Any CPU.ActiveCfg = Debug|Any CPU
		{357BF49D-0AEC-4371-A271-C17DDCB32AAF}.Debug|Any CPU.Build.0 = Debug|Any CPU
		{357BF49D-0AEC-4371-A271-C17DDCB32AAF}.Debug|x64.ActiveCfg = Debug|Any CPU
		{357BF49D-0AEC-4371-A271-C17DDCB32AAF}.Debug|x64.Build.0 = Debug|Any CPU
		{357BF49D-0AEC-4371-A271-C17DDCB32AAF}.Debug|x86.ActiveCfg = Debug|Any CPU
		{357BF49D-0AEC-4371-A271-C17DDCB32AAF}.Debug|x86.Build.0 = Debug|Any CPU
		{357BF49D-0AEC-4371-A271-C17DDCB32AAF}.Release|Any CPU.ActiveCfg = Release|Any CPU
		{357BF49D-0AEC-4371-A271-C17DDCB32AAF}.Release|Any CPU.Build.0 = Release|Any CPU
		{357BF49D-0AEC-4371-A271-C17DDCB32AAF}.Release|x64.ActiveCfg = Release|Any CPU
		{357BF49D-0AEC-4371-A271-C17DDCB32AAF}.Release|x64.Build.0 = Release|Any CPU
		{357BF49D-0AEC-4371-A271-C17DDCB32AAF}.Release|x86.ActiveCfg = Release|Any CPU
		{357BF49D-0AEC-4371-A271-C17DDCB32AAF}.Release|x86.Build.0 = Release|Any CPU
		{6A74FDA3-9550-4490-81FF-677327650552}.Debug|Any CPU.ActiveCfg = Debug|Any CPU
		{6A74FDA3-9550-4490-81FF-677327650552}.Debug|Any CPU.Build.0 = Debug|Any CPU
		{6A74FDA3-9550-4490-81FF-677327650552}.Debug|x64.ActiveCfg = Debug|Any CPU
		{6A74FDA3-9550-4490-81FF-677327650552}.Debug|x64.Build.0 = Debug|Any CPU
		{6A74FDA3-9550-4490-81FF-677327650552}.Debug|x86.ActiveCfg = Debug|Any CPU
		{6A74FDA3-9550-4490-81FF-677327650552}.Debug|x86.Build.0 = Debug|Any CPU
		{6A74FDA3-9550-4490-81FF-677327650552}.Release|Any CPU.ActiveCfg = Release|Any CPU
		{6A74FDA3-9550-4490-81FF-677327650552}.Release|Any CPU.Build.0 = Release|Any CPU
		{6A74FDA3-9550-4490-81FF-677327650552}.Release|x64.ActiveCfg = Release|Any CPU
		{6A74FDA3-9550-4490-81FF-677327650552}.Release|x64.Build.0 = Release|Any CPU
		{6A74FDA3-9550-4490-81FF-677327650552}.Release|x86.ActiveCfg = Release|Any CPU
		{6A74FDA3-9550-4490-81FF-677327650552}.Release|x86.Build.0 = Release|Any CPU
		{82E5FE81-6B09-4278-BCA2-A06CE60184D9}.Debug|Any CPU.ActiveCfg = Debug|Any CPU
		{82E5FE81-6B09-4278-BCA2-A06CE60184D9}.Debug|Any CPU.Build.0 = Debug|Any CPU
		{82E5FE81-6B09-4278-BCA2-A06CE60184D9}.Debug|x64.ActiveCfg = Debug|Any CPU
		{82E5FE81-6B09-4278-BCA2-A06CE60184D9}.Debug|x64.Build.0 = Debug|Any CPU
		{82E5FE81-6B09-4278-BCA2-A06CE60184D9}.Debug|x86.ActiveCfg = Debug|Any CPU
		{82E5FE81-6B09-4278-BCA2-A06CE60184D9}.Debug|x86.Build.0 = Debug|Any CPU
		{82E5FE81-6B09-4278-BCA2-A06CE60184D9}.Release|Any CPU.ActiveCfg = Release|Any CPU
		{82E5FE81-6B09-4278-BCA2-A06CE60184D9}.Release|Any CPU.Build.0 = Release|Any CPU
		{82E5FE81-6B09-4278-BCA2-A06CE60184D9}.Release|x64.ActiveCfg = Release|Any CPU
		{82E5FE81-6B09-4278-BCA2-A06CE60184D9}.Release|x64.Build.0 = Release|Any CPU
		{82E5FE81-6B09-4278-BCA2-A06CE60184D9}.Release|x86.ActiveCfg = Release|Any CPU
		{82E5FE81-6B09-4278-BCA2-A06CE60184D9}.Release|x86.Build.0 = Release|Any CPU
		{F327BE1F-DBE9-4DD5-B535-04C0BC7892F3}.Debug|Any CPU.ActiveCfg = Debug|Any CPU
		{F327BE1F-DBE9-4DD5-B535-04C0BC7892F3}.Debug|Any CPU.Build.0 = Debug|Any CPU
		{F327BE1F-DBE9-4DD5-B535-04C0BC7892F3}.Debug|x64.ActiveCfg = Debug|Any CPU
		{F327BE1F-DBE9-4DD5-B535-04C0BC7892F3}.Debug|x64.Build.0 = Debug|Any CPU
		{F327BE1F-DBE9-4DD5-B535-04C0BC7892F3}.Debug|x86.ActiveCfg = Debug|Any CPU
		{F327BE1F-DBE9-4DD5-B535-04C0BC7892F3}.Debug|x86.Build.0 = Debug|Any CPU
		{F327BE1F-DBE9-4DD5-B535-04C0BC7892F3}.Release|Any CPU.ActiveCfg = Release|Any CPU
		{F327BE1F-DBE9-4DD5-B535-04C0BC7892F3}.Release|Any CPU.Build.0 = Release|Any CPU
		{F327BE1F-DBE9-4DD5-B535-04C0BC7892F3}.Release|x64.ActiveCfg = Release|Any CPU
		{F327BE1F-DBE9-4DD5-B535-04C0BC7892F3}.Release|x64.Build.0 = Release|Any CPU
		{F327BE1F-DBE9-4DD5-B535-04C0BC7892F3}.Release|x86.ActiveCfg = Release|Any CPU
		{F327BE1F-DBE9-4DD5-B535-04C0BC7892F3}.Release|x86.Build.0 = Release|Any CPU
		{77E013A4-E17A-4257-B802-B2FC4D85AEF5}.Debug|Any CPU.ActiveCfg = Debug|Any CPU
		{77E013A4-E17A-4257-B802-B2FC4D85AEF5}.Debug|Any CPU.Build.0 = Debug|Any CPU
		{77E013A4-E17A-4257-B802-B2FC4D85AEF5}.Debug|x64.ActiveCfg = Debug|Any CPU
		{77E013A4-E17A-4257-B802-B2FC4D85AEF5}.Debug|x64.Build.0 = Debug|Any CPU
		{77E013A4-E17A-4257-B802-B2FC4D85AEF5}.Debug|x86.ActiveCfg = Debug|Any CPU
		{77E013A4-E17A-4257-B802-B2FC4D85AEF5}.Debug|x86.Build.0 = Debug|Any CPU
		{77E013A4-E17A-4257-B802-B2FC4D85AEF5}.Release|Any CPU.ActiveCfg = Release|Any CPU
		{77E013A4-E17A-4257-B802-B2FC4D85AEF5}.Release|Any CPU.Build.0 = Release|Any CPU
		{77E013A4-E17A-4257-B802-B2FC4D85AEF5}.Release|x64.ActiveCfg = Release|Any CPU
		{77E013A4-E17A-4257-B802-B2FC4D85AEF5}.Release|x64.Build.0 = Release|Any CPU
		{77E013A4-E17A-4257-B802-B2FC4D85AEF5}.Release|x86.ActiveCfg = Release|Any CPU
		{77E013A4-E17A-4257-B802-B2FC4D85AEF5}.Release|x86.Build.0 = Release|Any CPU
	EndGlobalSection
	GlobalSection(SolutionProperties) = preSolution
		HideSolutionNode = FALSE
	EndGlobalSection
	GlobalSection(ExtensibilityGlobals) = postSolution
		SolutionGuid = {DCDE3279-B591-4A4B-8A5D-AD4706F059D9}
	EndGlobalSection
EndGlobal
